Microsoft Visual Studio Solution File, Format Version 12.00
# Visual Studio Version 17
VisualStudioVersion = 17.5.2.0
MinimumVisualStudioVersion = 10.0.40219.1
Project("{FAE04EC0-301F-11D3-BF4B-00C04F79EFBC}") = "MTRADashboard", "MTRADashboard.csproj", "{C54EFDF1-2852-60DC-A3CA-3CA7386B65E2}"
EndProject
Global
	GlobalSection(SolutionConfigurationPlatforms) = preSolution
		Debug|Any CPU = Debug|Any CPU
		Release|Any CPU = Release|Any CPU
	EndGlobalSection
	GlobalSection(ProjectConfigurationPlatforms) = postSolution
		{C54EFDF1-2852-60DC-A3CA-3CA7386B65E2}.Debug|Any CPU.ActiveCfg = Debug|Any CPU
		{C54EFDF1-2852-60DC-A3CA-3CA7386B65E2}.Debug|Any CPU.Build.0 = Debug|Any CPU
		{C54EFDF1-2852-60DC-A3CA-3CA7386B65E2}.Release|Any CPU.ActiveCfg = Release|Any CPU
		{C54EFDF1-2852-60DC-A3CA-3CA7386B65E2}.Release|Any CPU.Build.0 = Release|Any CPU
	EndGlobalSection
	GlobalSection(SolutionProperties) = preSolution
		HideSolutionNode = FALSE
	EndGlobalSection
	GlobalSection(ExtensibilityGlobals) = postSolution
		SolutionGuid = {7DC09377-2AD0-406C-92C8-181D61271C49}
	EndGlobalSection
EndGlobal
